
Microsoft Visual Studio Solution File, Format Version 12.00
# Visual Studio 15
VisualStudioVersion = 15.0.28307.757
MinimumVisualStudioVersion = 10.0.40219.1
Project("{FAE04EC0-301F-11D3-BF4B-00C04F79EFBC}") = "WebApiIntern", "WebApiIntern\WebApiIntern.csproj", "{B91FC800-4069-4A21-826D-98A8CF7C871D}"
EndProject
Global
	GlobalSection(SolutionConfigurationPlatforms) = preSolution
		Debug|Any CPU = Debug|Any CPU
		Release|Any CPU = Release|Any CPU
	EndGlobalSection
	GlobalSection(ProjectConfigurationPlatforms) = postSolution
		{B91FC800-4069-4A21-826D-98A8CF7C871D}.Debug|Any CPU.ActiveCfg = Debug|Any CPU
		{B91FC800-4069-4A21-826D-98A8CF7C871D}.Debug|Any CPU.Build.0 = Debug|Any CPU
		{B91FC800-4069-4A21-826D-98A8CF7C871D}.Release|Any CPU.ActiveCfg = Release|Any CPU
		{B91FC800-4069-4A21-826D-98A8CF7C871D}.Release|Any CPU.Build.0 = Release|Any CPU
	EndGlobalSection
	GlobalSection(SolutionProperties) = preSolution
		HideSolutionNode = FALSE
	EndGlobalSection
	GlobalSection(ExtensibilityGlobals) = postSolution
		SolutionGuid = {0CFA88D4-DC1B-45AD-9257-4D295B9B41EC}
	EndGlobalSection
EndGlobal
